// !$*UTF8*$!
{
	archiveVersion = 1;
	classes = {
	};
	objectVersion = 46;
	objects = {

/* Begin PBXBuildFile section */
		2216225818D9FD6000B4D4EB /* remote_bbi_options.cc in Sources */ = {isa = PBXBuildFile; fileRef = 2216225718D9FD6000B4D4EB /* remote_bbi_options.cc */; };
		222333C218DA562000CC7ED8 /* main.cpp in Sources */ = {isa = PBXBuildFile; fileRef = 222333C118DA562000CC7ED8 /* main.cpp */; };
		222333C418DA562000CC7ED8 /* test.1 in CopyFiles */ = {isa = PBXBuildFile; fileRef = 222333C318DA562000CC7ED8 /* test.1 */; };
		222F0FAF18D5EAD2005DF2D7 /* bbi in CopyFiles */ = {isa = PBXBuildFile; fileRef = 224C272718AC00BB009971F4 /* bbi */; };
		224C272D18AC00BB009971F4 /* bbi.1 in CopyFiles */ = {isa = PBXBuildFile; fileRef = 224C272C18AC00BB009971F4 /* bbi.1 */; };
		2277A42518AD1599000BEA16 /* remote_bbi.cc in Sources */ = {isa = PBXBuildFile; fileRef = 2277A41818AD1599000BEA16 /* remote_bbi.cc */; };
		2277A42B18AD15F7000BEA16 /* libz.dylib in Frameworks */ = {isa = PBXBuildFile; fileRef = 2277A42A18AD15F7000BEA16 /* libz.dylib */; };
/* End PBXBuildFile section */

/* Begin PBXCopyFilesBuildPhase section */
		222333BD18DA562000CC7ED8 /* CopyFiles */ = {
			isa = PBXCopyFilesBuildPhase;
			buildActionMask = 2147483647;
			dstPath = /usr/share/man/man1/;
			dstSubfolderSpec = 0;
			files = (
				222333C418DA562000CC7ED8 /* test.1 in CopyFiles */,
			);
			runOnlyForDeploymentPostprocessing = 1;
		};
		222F0FAE18D5EAB9005DF2D7 /* CopyFiles */ = {
			isa = PBXCopyFilesBuildPhase;
			buildActionMask = 2147483647;
			dstPath = "${HOME}/bin";
			dstSubfolderSpec = 0;
			files = (
				222F0FAF18D5EAD2005DF2D7 /* bbi in CopyFiles */,
			);
			runOnlyForDeploymentPostprocessing = 0;
		};
		224C272518AC00BB009971F4 /* CopyFiles */ = {
			isa = PBXCopyFilesBuildPhase;
			buildActionMask = 2147483647;
			dstPath = /usr/share/man/man1/;
			dstSubfolderSpec = 0;
			files = (
				224C272D18AC00BB009971F4 /* bbi.1 in CopyFiles */,
			);
			runOnlyForDeploymentPostprocessing = 1;
		};
/* End PBXCopyFilesBuildPhase section */

/* Begin PBXFileReference section */
		2216225718D9FD6000B4D4EB /* remote_bbi_options.cc */ = {isa = PBXFileReference; fileEncoding = 4; lastKnownFileType = sourcecode.cpp.cpp; path = remote_bbi_options.cc; sourceTree = SOURCE_ROOT; };
		222333BF18DA562000CC7ED8 /* test */ = {isa = PBXFileReference; explicitFileType = "compiled.mach-o.executable"; includeInIndex = 0; path = test; sourceTree = BUILT_PRODUCTS_DIR; };
		222333C118DA562000CC7ED8 /* main.cpp */ = {isa = PBXFileReference; lastKnownFileType = sourcecode.cpp.cpp; path = main.cpp; sourceTree = "<group>"; };
		222333C318DA562000CC7ED8 /* test.1 */ = {isa = PBXFileReference; lastKnownFileType = text.man; path = test.1; sourceTree = "<group>"; };
		222FBD9418DA089900AD33DC /* bbi_index.hh */ = {isa = PBXFileReference; fileEncoding = 4; lastKnownFileType = sourcecode.cpp.h; path = bbi_index.hh; sourceTree = SOURCE_ROOT; };
		223EFCD318DCF26A00483251 /* bbi_stream.hh */ = {isa = PBXFileReference; fileEncoding = 4; lastKnownFileType = sourcecode.cpp.h; lineEnding = 0; path = bbi_stream.hh; sourceTree = SOURCE_ROOT; xcLanguageSpecificationIdentifier = xcode.lang.cpp; };
		224C272718AC00BB009971F4 /* bbi */ = {isa = PBXFileReference; explicitFileType = "compiled.mach-o.executable"; includeInIndex = 0; path = bbi; sourceTree = BUILT_PRODUCTS_DIR; };
		224C272C18AC00BB009971F4 /* bbi.1 */ = {isa = PBXFileReference; lastKnownFileType = text.man; path = bbi.1; sourceTree = "<group>"; };
		2277A40D18AD1599000BEA16 /* contig_index.hh */ = {isa = PBXFileReference; fileEncoding = 4; lastKnownFileType = sourcecode.cpp.h; path = contig_index.hh; sourceTree = SOURCE_ROOT; };
		2277A41818AD1599000BEA16 /* remote_bbi.cc */ = {isa = PBXFileReference; fileEncoding = 4; lastKnownFileType = sourcecode.cpp.cpp; path = remote_bbi.cc; sourceTree = SOURCE_ROOT; };
		2277A42A18AD15F7000BEA16 /* libz.dylib */ = {isa = PBXFileReference; lastKnownFileType = "compiled.mach-o.dylib"; name = libz.dylib; path = usr/lib/libz.dylib; sourceTree = SDKROOT; };
		22F63F3618DF5AE300B1D93E /* bed_record.hh */ = {isa = PBXFileReference; fileEncoding = 4; lastKnownFileType = sourcecode.cpp.h; path = bed_record.hh; sourceTree = SOURCE_ROOT; };
		22F63F3718DF5AE300B1D93E /* bp_tree.hh */ = {isa = PBXFileReference; fileEncoding = 4; lastKnownFileType = sourcecode.cpp.h; path = bp_tree.hh; sourceTree = SOURCE_ROOT; };
		22F63F3818DF5AE300B1D93E /* main_header.hh */ = {isa = PBXFileReference; fileEncoding = 4; lastKnownFileType = sourcecode.cpp.h; path = main_header.hh; sourceTree = SOURCE_ROOT; };
		22F63F3918DF5AE300B1D93E /* r_tree.hh */ = {isa = PBXFileReference; fileEncoding = 4; lastKnownFileType = sourcecode.cpp.h; path = r_tree.hh; sourceTree = SOURCE_ROOT; };
		22F63F3A18DF5AE300B1D93E /* record.hh */ = {isa = PBXFileReference; fileEncoding = 4; lastKnownFileType = sourcecode.cpp.h; path = record.hh; sourceTree = SOURCE_ROOT; };
		22F63F3B18DF5AE300B1D93E /* total_summary_header.hh */ = {isa = PBXFileReference; fileEncoding = 4; lastKnownFileType = sourcecode.cpp.h; path = total_summary_header.hh; sourceTree = SOURCE_ROOT; };
		22F63F3C18DF5AE300B1D93E /* wig_record.hh */ = {isa = PBXFileReference; fileEncoding = 4; lastKnownFileType = sourcecode.cpp.h; path = wig_record.hh; sourceTree = SOURCE_ROOT; };
		22F63F3D18DF5AE300B1D93E /* zoom_header.hh */ = {isa = PBXFileReference; fileEncoding = 4; lastKnownFileType = sourcecode.cpp.h; path = zoom_header.hh; sourceTree = SOURCE_ROOT; };
		22F63F3E18DF5AE300B1D93E /* zoom_record.hh */ = {isa = PBXFileReference; fileEncoding = 4; lastKnownFileType = sourcecode.cpp.h; path = zoom_record.hh; sourceTree = SOURCE_ROOT; };
/* End PBXFileReference section */

/* Begin PBXFrameworksBuildPhase section */
		222333BC18DA562000CC7ED8 /* Frameworks */ = {
			isa = PBXFrameworksBuildPhase;
			buildActionMask = 2147483647;
			files = (
			);
			runOnlyForDeploymentPostprocessing = 0;
		};
		224C272418AC00BB009971F4 /* Frameworks */ = {
			isa = PBXFrameworksBuildPhase;
			buildActionMask = 2147483647;
			files = (
				2277A42B18AD15F7000BEA16 /* libz.dylib in Frameworks */,
			);
			runOnlyForDeploymentPostprocessing = 0;
		};
/* End PBXFrameworksBuildPhase section */

/* Begin PBXGroup section */
		222333C018DA562000CC7ED8 /* test */ = {
			isa = PBXGroup;
			children = (
				222333C118DA562000CC7ED8 /* main.cpp */,
				222333C318DA562000CC7ED8 /* test.1 */,
			);
			path = test;
			sourceTree = "<group>";
		};
		224C271E18AC00BB009971F4 = {
			isa = PBXGroup;
			children = (
				2277A42A18AD15F7000BEA16 /* libz.dylib */,
				224C272918AC00BB009971F4 /* bbi */,
				222333C018DA562000CC7ED8 /* test */,
				224C272818AC00BB009971F4 /* Products */,
			);
			sourceTree = "<group>";
		};
		224C272818AC00BB009971F4 /* Products */ = {
			isa = PBXGroup;
			children = (
				224C272718AC00BB009971F4 /* bbi */,
				222333BF18DA562000CC7ED8 /* test */,
			);
			name = Products;
			sourceTree = "<group>";
		};
		224C272918AC00BB009971F4 /* bbi */ = {
			isa = PBXGroup;
			children = (
				224C272C18AC00BB009971F4 /* bbi.1 */,
				222FBD9418DA089900AD33DC /* bbi_index.hh */,
				223EFCD318DCF26A00483251 /* bbi_stream.hh */,
				22F63F3618DF5AE300B1D93E /* bed_record.hh */,
				22F63F3718DF5AE300B1D93E /* bp_tree.hh */,
				2277A40D18AD1599000BEA16 /* contig_index.hh */,
				22F63F3818DF5AE300B1D93E /* main_header.hh */,
				22F63F3918DF5AE300B1D93E /* r_tree.hh */,
				22F63F3A18DF5AE300B1D93E /* record.hh */,
				2277A41818AD1599000BEA16 /* remote_bbi.cc */,
				2216225718D9FD6000B4D4EB /* remote_bbi_options.cc */,
				22F63F3B18DF5AE300B1D93E /* total_summary_header.hh */,
				22F63F3C18DF5AE300B1D93E /* wig_record.hh */,
				22F63F3D18DF5AE300B1D93E /* zoom_header.hh */,
				22F63F3E18DF5AE300B1D93E /* zoom_record.hh */,
			);
			path = bbi;
			sourceTree = "<group>";
		};
/* End PBXGroup section */

/* Begin PBXNativeTarget section */
		222333BE18DA562000CC7ED8 /* test */ = {
			isa = PBXNativeTarget;
			buildConfigurationList = 222333C718DA562000CC7ED8 /* Build configuration list for PBXNativeTarget "test" */;
			buildPhases = (
				222333BB18DA562000CC7ED8 /* Sources */,
				222333BC18DA562000CC7ED8 /* Frameworks */,
				222333BD18DA562000CC7ED8 /* CopyFiles */,
			);
			buildRules = (
			);
			dependencies = (
			);
			name = test;
			productName = test;
			productReference = 222333BF18DA562000CC7ED8 /* test */;
			productType = "com.apple.product-type.tool";
		};
		224C272618AC00BB009971F4 /* bbi */ = {
			isa = PBXNativeTarget;
			buildConfigurationList = 224C273018AC00BB009971F4 /* Build configuration list for PBXNativeTarget "bbi" */;
			buildPhases = (
				224C272318AC00BB009971F4 /* Sources */,
				224C272418AC00BB009971F4 /* Frameworks */,
				224C272518AC00BB009971F4 /* CopyFiles */,
				222F0FAE18D5EAB9005DF2D7 /* CopyFiles */,
			);
			buildRules = (
			);
			dependencies = (
			);
			name = bbi;
			productName = bbi;
			productReference = 224C272718AC00BB009971F4 /* bbi */;
			productType = "com.apple.product-type.tool";
		};
/* End PBXNativeTarget section */

/* Begin PBXProject section */
		224C271F18AC00BB009971F4 /* Project object */ = {
			isa = PBXProject;
			attributes = {
				LastUpgradeCheck = 0500;
				ORGANIZATIONNAME = "Daniel James";
			};
			buildConfigurationList = 224C272218AC00BB009971F4 /* Build configuration list for PBXProject "bbi" */;
			compatibilityVersion = "Xcode 3.2";
			developmentRegion = English;
			hasScannedForEncodings = 0;
			knownRegions = (
				en,
			);
			mainGroup = 224C271E18AC00BB009971F4;
			productRefGroup = 224C272818AC00BB009971F4 /* Products */;
			projectDirPath = "";
			projectRoot = "";
			targets = (
				224C272618AC00BB009971F4 /* bbi */,
				222333BE18DA562000CC7ED8 /* test */,
			);
		};
/* End PBXProject section */

/* Begin PBXSourcesBuildPhase section */
		222333BB18DA562000CC7ED8 /* Sources */ = {
			isa = PBXSourcesBuildPhase;
			buildActionMask = 2147483647;
			files = (
				222333C218DA562000CC7ED8 /* main.cpp in Sources */,
			);
			runOnlyForDeploymentPostprocessing = 0;
		};
		224C272318AC00BB009971F4 /* Sources */ = {
			isa = PBXSourcesBuildPhase;
			buildActionMask = 2147483647;
			files = (
				2277A42518AD1599000BEA16 /* remote_bbi.cc in Sources */,
				2216225818D9FD6000B4D4EB /* remote_bbi_options.cc in Sources */,
			);
			runOnlyForDeploymentPostprocessing = 0;
		};
/* End PBXSourcesBuildPhase section */

/* Begin XCBuildConfiguration section */
		222333C518DA562000CC7ED8 /* Debug */ = {
			isa = XCBuildConfiguration;
			buildSettings = {
				CLANG_ENABLE_MODULES = YES;
				GCC_PREPROCESSOR_DEFINITIONS = (
					"DEBUG=1",
					"$(inherited)",
				);
				GCC_WARN_UNINITIALIZED_AUTOS = YES_AGGRESSIVE;
				PRODUCT_NAME = "$(TARGET_NAME)";
			};
			name = Debug;
		};
		222333C618DA562000CC7ED8 /* Release */ = {
			isa = XCBuildConfiguration;
			buildSettings = {
				CLANG_ENABLE_MODULES = YES;
				GCC_WARN_UNINITIALIZED_AUTOS = YES_AGGRESSIVE;
				PRODUCT_NAME = "$(TARGET_NAME)";
			};
			name = Release;
		};
		224C272E18AC00BB009971F4 /* Debug */ = {
			isa = XCBuildConfiguration;
			buildSettings = {
				ALWAYS_SEARCH_USER_PATHS = NO;
				CLANG_CXX_LANGUAGE_STANDARD = "gnu++0x";
				CLANG_CXX_LIBRARY = "libc++";
				CLANG_ENABLE_OBJC_ARC = YES;
				CLANG_WARN_BOOL_CONVERSION = YES;
				CLANG_WARN_CONSTANT_CONVERSION = YES;
				CLANG_WARN_DIRECT_OBJC_ISA_USAGE = YES_ERROR;
				CLANG_WARN_EMPTY_BODY = YES;
				CLANG_WARN_ENUM_CONVERSION = YES;
				CLANG_WARN_INT_CONVERSION = YES;
				CLANG_WARN_OBJC_ROOT_CLASS = YES_ERROR;
				CLANG_WARN__DUPLICATE_METHOD_MATCH = YES;
				COPY_PHASE_STRIP = NO;
				GCC_C_LANGUAGE_STANDARD = gnu99;
				GCC_DYNAMIC_NO_PIC = NO;
				GCC_ENABLE_OBJC_EXCEPTIONS = YES;
				GCC_OPTIMIZATION_LEVEL = 0;
				GCC_PREPROCESSOR_DEFINITIONS = (
					"DEBUG=1",
					"$(inherited)",
				);
				GCC_SYMBOLS_PRIVATE_EXTERN = NO;
				GCC_WARN_64_TO_32_BIT_CONVERSION = YES;
				GCC_WARN_ABOUT_RETURN_TYPE = YES_ERROR;
				GCC_WARN_UNDECLARED_SELECTOR = YES;
				GCC_WARN_UNINITIALIZED_AUTOS = YES;
				GCC_WARN_UNUSED_FUNCTION = YES;
				GCC_WARN_UNUSED_VARIABLE = YES;
				MACOSX_DEPLOYMENT_TARGET = 10.9;
				ONLY_ACTIVE_ARCH = YES;
				SDKROOT = macosx;
			};
			name = Debug;
		};
		224C272F18AC00BB009971F4 /* Release */ = {
			isa = XCBuildConfiguration;
			buildSettings = {
				ALWAYS_SEARCH_USER_PATHS = NO;
				CLANG_CXX_LANGUAGE_STANDARD = "gnu++0x";
				CLANG_CXX_LIBRARY = "libc++";
				CLANG_ENABLE_OBJC_ARC = YES;
				CLANG_WARN_BOOL_CONVERSION = YES;
				CLANG_WARN_CONSTANT_CONVERSION = YES;
				CLANG_WARN_DIRECT_OBJC_ISA_USAGE = YES_ERROR;
				CLANG_WARN_EMPTY_BODY = YES;
				CLANG_WARN_ENUM_CONVERSION = YES;
				CLANG_WARN_INT_CONVERSION = YES;
				CLANG_WARN_OBJC_ROOT_CLASS = YES_ERROR;
				CLANG_WARN__DUPLICATE_METHOD_MATCH = YES;
				COPY_PHASE_STRIP = YES;
				DEBUG_INFORMATION_FORMAT = "dwarf-with-dsym";
				ENABLE_NS_ASSERTIONS = NO;
				GCC_C_LANGUAGE_STANDARD = gnu99;
				GCC_ENABLE_OBJC_EXCEPTIONS = YES;
				GCC_WARN_64_TO_32_BIT_CONVERSION = YES;
				GCC_WARN_ABOUT_RETURN_TYPE = YES_ERROR;
				GCC_WARN_UNDECLARED_SELECTOR = YES;
				GCC_WARN_UNINITIALIZED_AUTOS = YES;
				GCC_WARN_UNUSED_FUNCTION = YES;
				GCC_WARN_UNUSED_VARIABLE = YES;
				MACOSX_DEPLOYMENT_TARGET = 10.9;
				SDKROOT = macosx;
			};
			name = Release;
		};
		224C273118AC00BB009971F4 /* Debug */ = {
			isa = XCBuildConfiguration;
			buildSettings = {
				ALWAYS_SEARCH_USER_PATHS = YES;
				LIBRARY_SEARCH_PATHS = (
					"$(inherited)",
					"${HOME}/lib",
				);
				PRODUCT_NAME = "$(TARGET_NAME)";
				USER_HEADER_SEARCH_PATHS = "${HOME}/include";
			};
			name = Debug;
		};
		224C273218AC00BB009971F4 /* Release */ = {
			isa = XCBuildConfiguration;
			buildSettings = {
				ALWAYS_SEARCH_USER_PATHS = YES;
				LIBRARY_SEARCH_PATHS = (
					"$(inherited)",
					"${HOME}/lib",
				);
				PRODUCT_NAME = "$(TARGET_NAME)";
				USER_HEADER_SEARCH_PATHS = "${HOME}/include";
			};
			name = Release;
		};
/* End XCBuildConfiguration section */

/* Begin XCConfigurationList section */
		222333C718DA562000CC7ED8 /* Build configuration list for PBXNativeTarget "test" */ = {
			isa = XCConfigurationList;
			buildConfigurations = (
				222333C518DA562000CC7ED8 /* Debug */,
				222333C618DA562000CC7ED8 /* Release */,
			);
			defaultConfigurationIsVisible = 0;
			defaultConfigurationName = Release;
		};
		224C272218AC00BB009971F4 /* Build configuration list for PBXProject "bbi" */ = {
			isa = XCConfigurationList;
			buildConfigurations = (
				224C272E18AC00BB009971F4 /* Debug */,
				224C272F18AC00BB009971F4 /* Release */,
			);
			defaultConfigurationIsVisible = 0;
			defaultConfigurationName = Release;
		};
		224C273018AC00BB009971F4 /* Build configuration list for PBXNativeTarget "bbi" */ = {
			isa = XCConfigurationList;
			buildConfigurations = (
				224C273118AC00BB009971F4 /* Debug */,
				224C273218AC00BB009971F4 /* Release */,
			);
			defaultConfigurationIsVisible = 0;
			defaultConfigurationName = Release;
		};
/* End XCConfigurationList section */
	};
	rootObject = 224C271F18AC00BB009971F4 /* Project object */;
}
