// !$*UTF8*$!
{
	archiveVersion = 1;
	classes = {
	};
	objectVersion = 46;
	objects = {

/* Begin PBXBuildFile section */
		223EFD1A18DDD95D00483251 /* MainMenu.xib in Resources */ = {isa = PBXBuildFile; fileRef = 2281516018DC78BF000D3A42 /* MainMenu.xib */; };
		223EFD1B18DDD95D00483251 /* InfoPlist.strings in Resources */ = {isa = PBXBuildFile; fileRef = 22660ED118DB137200D9FC65 /* InfoPlist.strings */; };
		223EFD1C18DDD95D00483251 /* Credits.rtf in Resources */ = {isa = PBXBuildFile; fileRef = 22660ED718DB137200D9FC65 /* Credits.rtf */; };
		22660EC918DB137200D9FC65 /* Cocoa.framework in Frameworks */ = {isa = PBXBuildFile; fileRef = 22660EC818DB137200D9FC65 /* Cocoa.framework */; };
		22660ED518DB137200D9FC65 /* main.m in Sources */ = {isa = PBXBuildFile; fileRef = 22660ED418DB137200D9FC65 /* main.m */; };
		22660EE818DB137300D9FC65 /* XCTest.framework in Frameworks */ = {isa = PBXBuildFile; fileRef = 22660EE718DB137300D9FC65 /* XCTest.framework */; };
		22660EE918DB137300D9FC65 /* Cocoa.framework in Frameworks */ = {isa = PBXBuildFile; fileRef = 22660EC818DB137200D9FC65 /* Cocoa.framework */; };
		22660EF118DB137300D9FC65 /* InfoPlist.strings in Resources */ = {isa = PBXBuildFile; fileRef = 22660EEF18DB137300D9FC65 /* InfoPlist.strings */; };
		22660EF318DB137300D9FC65 /* bbi_viewTests.m in Sources */ = {isa = PBXBuildFile; fileRef = 22660EF218DB137300D9FC65 /* bbi_viewTests.m */; };
		2281510F18DB9985000D3A42 /* many_contig_data.bb in CopyFiles */ = {isa = PBXBuildFile; fileRef = 2281510E18DB9985000D3A42 /* many_contig_data.bb */; };
		2281511018DBACBD000D3A42 /* DPJAppDelegate.mm in Sources */ = {isa = PBXBuildFile; fileRef = 22660EDB18DB137200D9FC65 /* DPJAppDelegate.mm */; };
		2281511318DBB1C9000D3A42 /* zoom_data.fsh in Resources */ = {isa = PBXBuildFile; fileRef = 2281511118DBB1C9000D3A42 /* zoom_data.fsh */; };
		2281511418DBB1C9000D3A42 /* zoom_data.vsh in Resources */ = {isa = PBXBuildFile; fileRef = 2281511218DBB1C9000D3A42 /* zoom_data.vsh */; };
		2281511518DBB1E4000D3A42 /* zoom_data.fsh in CopyFiles */ = {isa = PBXBuildFile; fileRef = 2281511118DBB1C9000D3A42 /* zoom_data.fsh */; };
		2281511618DBB1E5000D3A42 /* zoom_data.vsh in CopyFiles */ = {isa = PBXBuildFile; fileRef = 2281511218DBB1C9000D3A42 /* zoom_data.vsh */; };
		2281515818DBE200000D3A42 /* test.bw in CopyFiles */ = {isa = PBXBuildFile; fileRef = 2281515718DBE200000D3A42 /* test.bw */; };
		2281515B18DC7645000D3A42 /* BBIView.m in Sources */ = {isa = PBXBuildFile; fileRef = 2281515A18DC7645000D3A42 /* BBIView.m */; };
		2281515E18DC783D000D3A42 /* Images.xcassets in Resources */ = {isa = PBXBuildFile; fileRef = 22660EE018DB137300D9FC65 /* Images.xcassets */; };
		22B33E2118DB2915002F75B5 /* bed_record.cc in Sources */ = {isa = PBXBuildFile; fileRef = 22B33E1718DB2915002F75B5 /* bed_record.cc */; };
		22B33E2218DB2915002F75B5 /* block_decompressor.cc in Sources */ = {isa = PBXBuildFile; fileRef = 22B33E1818DB2915002F75B5 /* block_decompressor.cc */; };
		22B33E2318DB2915002F75B5 /* bp_tree.cc in Sources */ = {isa = PBXBuildFile; fileRef = 22B33E1918DB2915002F75B5 /* bp_tree.cc */; };
		22B33E2518DB2915002F75B5 /* http_session.cc in Sources */ = {isa = PBXBuildFile; fileRef = 22B33E1B18DB2915002F75B5 /* http_session.cc */; };
		22B33E2618DB2915002F75B5 /* http_streambuf.cc in Sources */ = {isa = PBXBuildFile; fileRef = 22B33E1C18DB2915002F75B5 /* http_streambuf.cc */; };
		22B33E2718DB2915002F75B5 /* main_header.cc in Sources */ = {isa = PBXBuildFile; fileRef = 22B33E1D18DB2915002F75B5 /* main_header.cc */; };
		22B33E2818DB2915002F75B5 /* r_tree.cc in Sources */ = {isa = PBXBuildFile; fileRef = 22B33E1E18DB2915002F75B5 /* r_tree.cc */; };
		22B33E2E18DB2980002F75B5 /* record.cc in Sources */ = {isa = PBXBuildFile; fileRef = 22B33E2918DB2980002F75B5 /* record.cc */; };
		22B33E2F18DB2980002F75B5 /* total_summary_header.cc in Sources */ = {isa = PBXBuildFile; fileRef = 22B33E2A18DB2980002F75B5 /* total_summary_header.cc */; };
		22B33E3018DB2980002F75B5 /* wig_record.cc in Sources */ = {isa = PBXBuildFile; fileRef = 22B33E2B18DB2980002F75B5 /* wig_record.cc */; };
		22B33E3118DB2980002F75B5 /* zoom_header.cc in Sources */ = {isa = PBXBuildFile; fileRef = 22B33E2C18DB2980002F75B5 /* zoom_header.cc */; };
		22B33E3218DB2980002F75B5 /* zoom_record.cc in Sources */ = {isa = PBXBuildFile; fileRef = 22B33E2D18DB2980002F75B5 /* zoom_record.cc */; };
		22B33E3418DB2992002F75B5 /* libz.dylib in Frameworks */ = {isa = PBXBuildFile; fileRef = 22B33E3318DB2992002F75B5 /* libz.dylib */; };
		22B33E3618DB3798002F75B5 /* OpenGL.framework in Frameworks */ = {isa = PBXBuildFile; fileRef = 22B33E3518DB3798002F75B5 /* OpenGL.framework */; };
		22B33E4E18DB540C002F75B5 /* DJGLView.mm in Sources */ = {isa = PBXBuildFile; fileRef = 22B33E4518DB540C002F75B5 /* DJGLView.mm */; };
		22B33E4F18DB540C002F75B5 /* GLDrawable.cc in Sources */ = {isa = PBXBuildFile; fileRef = 22B33E4618DB540C002F75B5 /* GLDrawable.cc */; };
		22B33E5018DB540C002F75B5 /* GLProgram.cc in Sources */ = {isa = PBXBuildFile; fileRef = 22B33E4818DB540C002F75B5 /* GLProgram.cc */; };
		22B33E5118DB540C002F75B5 /* GLRenderer.cc in Sources */ = {isa = PBXBuildFile; fileRef = 22B33E4A18DB540C002F75B5 /* GLRenderer.cc */; };
		22B33E5718DB5480002F75B5 /* GLError.cc in Sources */ = {isa = PBXBuildFile; fileRef = 22B33E5318DB5480002F75B5 /* GLError.cc */; };
		22B33E5818DB5480002F75B5 /* logger.cc in Sources */ = {isa = PBXBuildFile; fileRef = 22B33E5518DB5480002F75B5 /* logger.cc */; };
		22B33E7418DB6428002F75B5 /* default.fsh in CopyFiles */ = {isa = PBXBuildFile; fileRef = 22B33E6918DB63F1002F75B5 /* default.fsh */; };
		22B33E7518DB6428002F75B5 /* default.vsh in CopyFiles */ = {isa = PBXBuildFile; fileRef = 22B33E6A18DB63F1002F75B5 /* default.vsh */; };
/* End PBXBuildFile section */

/* Begin PBXContainerItemProxy section */
		22660EEA18DB137300D9FC65 /* PBXContainerItemProxy */ = {
			isa = PBXContainerItemProxy;
			containerPortal = 22660EBD18DB137200D9FC65 /* Project object */;
			proxyType = 1;
			remoteGlobalIDString = 22660EC418DB137200D9FC65;
			remoteInfo = "bbi-view";
		};
/* End PBXContainerItemProxy section */

/* Begin PBXCopyFilesBuildPhase section */
		22B33E5B18DB6308002F75B5 /* CopyFiles */ = {
			isa = PBXCopyFilesBuildPhase;
			buildActionMask = 2147483647;
			dstPath = "";
			dstSubfolderSpec = 16;
			files = (
				2281515818DBE200000D3A42 /* test.bw in CopyFiles */,
				2281510F18DB9985000D3A42 /* many_contig_data.bb in CopyFiles */,
				2281511518DBB1E4000D3A42 /* zoom_data.fsh in CopyFiles */,
				2281511618DBB1E5000D3A42 /* zoom_data.vsh in CopyFiles */,
				22B33E7418DB6428002F75B5 /* default.fsh in CopyFiles */,
				22B33E7518DB6428002F75B5 /* default.vsh in CopyFiles */,
			);
			runOnlyForDeploymentPostprocessing = 0;
		};
/* End PBXCopyFilesBuildPhase section */

/* Begin PBXFileReference section */
		223EFCD418DD1EDB00483251 /* bbi_index.hh */ = {isa = PBXFileReference; fileEncoding = 4; lastKnownFileType = sourcecode.cpp.h; name = bbi_index.hh; path = ../../bbi_index.hh; sourceTree = "<group>"; };
		223EFCD518DD1EDB00483251 /* bbi_stream.hh */ = {isa = PBXFileReference; fileEncoding = 4; lastKnownFileType = sourcecode.cpp.h; name = bbi_stream.hh; path = ../../bbi_stream.hh; sourceTree = "<group>"; xcLanguageSpecificationIdentifier = xcode.lang.cpp; };
		223EFD0318DD1F3600483251 /* contig_index.hh */ = {isa = PBXFileReference; fileEncoding = 4; lastKnownFileType = sourcecode.cpp.h; name = contig_index.hh; path = ../../contig_index.hh; sourceTree = "<group>"; };
		22660EC518DB137200D9FC65 /* bbi-view.app */ = {isa = PBXFileReference; explicitFileType = wrapper.application; includeInIndex = 0; path = "bbi-view.app"; sourceTree = BUILT_PRODUCTS_DIR; };
		22660EC818DB137200D9FC65 /* Cocoa.framework */ = {isa = PBXFileReference; lastKnownFileType = wrapper.framework; name = Cocoa.framework; path = System/Library/Frameworks/Cocoa.framework; sourceTree = SDKROOT; };
		22660ECB18DB137200D9FC65 /* AppKit.framework */ = {isa = PBXFileReference; lastKnownFileType = wrapper.framework; name = AppKit.framework; path = System/Library/Frameworks/AppKit.framework; sourceTree = SDKROOT; };
		22660ECC18DB137200D9FC65 /* CoreData.framework */ = {isa = PBXFileReference; lastKnownFileType = wrapper.framework; name = CoreData.framework; path = System/Library/Frameworks/CoreData.framework; sourceTree = SDKROOT; };
		22660ECD18DB137200D9FC65 /* Foundation.framework */ = {isa = PBXFileReference; lastKnownFileType = wrapper.framework; name = Foundation.framework; path = System/Library/Frameworks/Foundation.framework; sourceTree = SDKROOT; };
		22660ED018DB137200D9FC65 /* bbi-view-Info.plist */ = {isa = PBXFileReference; lastKnownFileType = text.plist.xml; path = "bbi-view-Info.plist"; sourceTree = "<group>"; };
		22660ED218DB137200D9FC65 /* en */ = {isa = PBXFileReference; lastKnownFileType = text.plist.strings; name = en; path = en.lproj/InfoPlist.strings; sourceTree = "<group>"; };
		22660ED418DB137200D9FC65 /* main.m */ = {isa = PBXFileReference; lastKnownFileType = sourcecode.c.objc; path = main.m; sourceTree = "<group>"; };
		22660ED618DB137200D9FC65 /* bbi-view-Prefix.pch */ = {isa = PBXFileReference; lastKnownFileType = sourcecode.c.h; path = "bbi-view-Prefix.pch"; sourceTree = "<group>"; };
		22660ED818DB137200D9FC65 /* en */ = {isa = PBXFileReference; lastKnownFileType = text.rtf; name = en; path = en.lproj/Credits.rtf; sourceTree = "<group>"; };
		22660EDA18DB137200D9FC65 /* DPJAppDelegate.h */ = {isa = PBXFileReference; lastKnownFileType = sourcecode.c.h; path = DPJAppDelegate.h; sourceTree = "<group>"; };
		22660EDB18DB137200D9FC65 /* DPJAppDelegate.mm */ = {isa = PBXFileReference; lastKnownFileType = sourcecode.cpp.objcpp; path = DPJAppDelegate.mm; sourceTree = "<group>"; };
		22660EDE18DB137200D9FC65 /* Base */ = {isa = PBXFileReference; lastKnownFileType = file.xib; name = Base; path = Base.lproj/MainMenu.xib; sourceTree = "<group>"; };
		22660EE018DB137300D9FC65 /* Images.xcassets */ = {isa = PBXFileReference; lastKnownFileType = folder.assetcatalog; path = Images.xcassets; sourceTree = "<group>"; };
		22660EE618DB137300D9FC65 /* bbi-viewTests.xctest */ = {isa = PBXFileReference; explicitFileType = wrapper.cfbundle; includeInIndex = 0; path = "bbi-viewTests.xctest"; sourceTree = BUILT_PRODUCTS_DIR; };
		22660EE718DB137300D9FC65 /* XCTest.framework */ = {isa = PBXFileReference; lastKnownFileType = wrapper.framework; name = XCTest.framework; path = Library/Frameworks/XCTest.framework; sourceTree = DEVELOPER_DIR; };
		22660EEE18DB137300D9FC65 /* bbi-viewTests-Info.plist */ = {isa = PBXFileReference; lastKnownFileType = text.plist.xml; path = "bbi-viewTests-Info.plist"; sourceTree = "<group>"; };
		22660EF018DB137300D9FC65 /* en */ = {isa = PBXFileReference; lastKnownFileType = text.plist.strings; name = en; path = en.lproj/InfoPlist.strings; sourceTree = "<group>"; };
		22660EF218DB137300D9FC65 /* bbi_viewTests.m */ = {isa = PBXFileReference; lastKnownFileType = sourcecode.c.objc; path = bbi_viewTests.m; sourceTree = "<group>"; };
		2281510E18DB9985000D3A42 /* many_contig_data.bb */ = {isa = PBXFileReference; lastKnownFileType = file; name = many_contig_data.bb; path = ../example_data/many_contig_data.bb; sourceTree = "<group>"; };
		2281511118DBB1C9000D3A42 /* zoom_data.fsh */ = {isa = PBXFileReference; fileEncoding = 4; lastKnownFileType = sourcecode.glsl; name = zoom_data.fsh; path = ../zoom_data.fsh; sourceTree = "<group>"; };
		2281511218DBB1C9000D3A42 /* zoom_data.vsh */ = {isa = PBXFileReference; fileEncoding = 4; lastKnownFileType = sourcecode.glsl; name = zoom_data.vsh; path = ../zoom_data.vsh; sourceTree = "<group>"; };
		2281514118DBE061000D3A42 /* wig_record.h */ = {isa = PBXFileReference; fileEncoding = 4; lastKnownFileType = sourcecode.c.h; name = wig_record.h; path = ../../wig_record.h; sourceTree = "<group>"; };
		2281515718DBE200000D3A42 /* test.bw */ = {isa = PBXFileReference; lastKnownFileType = file; name = test.bw; path = ../example_data/test.bw; sourceTree = "<group>"; };
		2281515918DC7645000D3A42 /* BBIView.h */ = {isa = PBXFileReference; fileEncoding = 4; lastKnownFileType = sourcecode.c.h; path = BBIView.h; sourceTree = "<group>"; };
		2281515A18DC7645000D3A42 /* BBIView.m */ = {isa = PBXFileReference; fileEncoding = 4; lastKnownFileType = sourcecode.c.objc; path = BBIView.m; sourceTree = "<group>"; };
		2281515C18DC7717000D3A42 /* drawables.hh */ = {isa = PBXFileReference; fileEncoding = 4; lastKnownFileType = sourcecode.cpp.h; path = drawables.hh; sourceTree = "<group>"; };
		2281516118DC78BF000D3A42 /* Base */ = {isa = PBXFileReference; lastKnownFileType = file.xib; name = Base; path = "bbi-view/Base.lproj/MainMenu.xib"; sourceTree = "<group>"; };
		22B33E1718DB2915002F75B5 /* bed_record.cc */ = {isa = PBXFileReference; fileEncoding = 4; lastKnownFileType = sourcecode.cpp.cpp; name = bed_record.cc; path = ../../bed_record.cc; sourceTree = "<group>"; };
		22B33E1818DB2915002F75B5 /* block_decompressor.cc */ = {isa = PBXFileReference; fileEncoding = 4; lastKnownFileType = sourcecode.cpp.cpp; name = block_decompressor.cc; path = ../../block_decompressor.cc; sourceTree = "<group>"; };
		22B33E1918DB2915002F75B5 /* bp_tree.cc */ = {isa = PBXFileReference; fileEncoding = 4; lastKnownFileType = sourcecode.cpp.cpp; name = bp_tree.cc; path = ../../bp_tree.cc; sourceTree = "<group>"; };
		22B33E1B18DB2915002F75B5 /* http_session.cc */ = {isa = PBXFileReference; fileEncoding = 4; lastKnownFileType = sourcecode.cpp.cpp; name = http_session.cc; path = ../../http_session.cc; sourceTree = "<group>"; };
		22B33E1C18DB2915002F75B5 /* http_streambuf.cc */ = {isa = PBXFileReference; fileEncoding = 4; lastKnownFileType = sourcecode.cpp.cpp; name = http_streambuf.cc; path = ../../http_streambuf.cc; sourceTree = "<group>"; };
		22B33E1D18DB2915002F75B5 /* main_header.cc */ = {isa = PBXFileReference; fileEncoding = 4; lastKnownFileType = sourcecode.cpp.cpp; name = main_header.cc; path = ../../main_header.cc; sourceTree = "<group>"; };
		22B33E1E18DB2915002F75B5 /* r_tree.cc */ = {isa = PBXFileReference; fileEncoding = 4; lastKnownFileType = sourcecode.cpp.cpp; name = r_tree.cc; path = ../../r_tree.cc; sourceTree = "<group>"; };
		22B33E2918DB2980002F75B5 /* record.cc */ = {isa = PBXFileReference; fileEncoding = 4; lastKnownFileType = sourcecode.cpp.cpp; name = record.cc; path = ../../record.cc; sourceTree = "<group>"; };
		22B33E2A18DB2980002F75B5 /* total_summary_header.cc */ = {isa = PBXFileReference; fileEncoding = 4; lastKnownFileType = sourcecode.cpp.cpp; name = total_summary_header.cc; path = ../../total_summary_header.cc; sourceTree = "<group>"; };
		22B33E2B18DB2980002F75B5 /* wig_record.cc */ = {isa = PBXFileReference; fileEncoding = 4; lastKnownFileType = sourcecode.cpp.cpp; name = wig_record.cc; path = ../../wig_record.cc; sourceTree = "<group>"; };
		22B33E2C18DB2980002F75B5 /* zoom_header.cc */ = {isa = PBXFileReference; fileEncoding = 4; lastKnownFileType = sourcecode.cpp.cpp; name = zoom_header.cc; path = ../../zoom_header.cc; sourceTree = "<group>"; };
		22B33E2D18DB2980002F75B5 /* zoom_record.cc */ = {isa = PBXFileReference; fileEncoding = 4; lastKnownFileType = sourcecode.cpp.cpp; name = zoom_record.cc; path = ../../zoom_record.cc; sourceTree = "<group>"; };
		22B33E3318DB2992002F75B5 /* libz.dylib */ = {isa = PBXFileReference; lastKnownFileType = "compiled.mach-o.dylib"; name = libz.dylib; path = usr/lib/libz.dylib; sourceTree = SDKROOT; };
		22B33E3518DB3798002F75B5 /* OpenGL.framework */ = {isa = PBXFileReference; lastKnownFileType = wrapper.framework; name = OpenGL.framework; path = System/Library/Frameworks/OpenGL.framework; sourceTree = SDKROOT; };
		22B33E4418DB540C002F75B5 /* DJGLView.h */ = {isa = PBXFileReference; fileEncoding = 4; lastKnownFileType = sourcecode.c.h; path = DJGLView.h; sourceTree = SOURCE_ROOT; };
		22B33E4518DB540C002F75B5 /* DJGLView.mm */ = {isa = PBXFileReference; fileEncoding = 4; lastKnownFileType = sourcecode.cpp.objcpp; path = DJGLView.mm; sourceTree = SOURCE_ROOT; };
		22B33E4618DB540C002F75B5 /* GLDrawable.cc */ = {isa = PBXFileReference; fileEncoding = 4; lastKnownFileType = sourcecode.cpp.cpp; path = GLDrawable.cc; sourceTree = SOURCE_ROOT; };
		22B33E4718DB540C002F75B5 /* GLDrawable.hh */ = {isa = PBXFileReference; fileEncoding = 4; lastKnownFileType = sourcecode.cpp.h; path = GLDrawable.hh; sourceTree = SOURCE_ROOT; };
		22B33E4818DB540C002F75B5 /* GLProgram.cc */ = {isa = PBXFileReference; fileEncoding = 4; lastKnownFileType = sourcecode.cpp.cpp; path = GLProgram.cc; sourceTree = SOURCE_ROOT; };
		22B33E4918DB540C002F75B5 /* GLProgram.hh */ = {isa = PBXFileReference; fileEncoding = 4; lastKnownFileType = sourcecode.cpp.h; path = GLProgram.hh; sourceTree = SOURCE_ROOT; };
		22B33E4A18DB540C002F75B5 /* GLRenderer.cc */ = {isa = PBXFileReference; fileEncoding = 4; lastKnownFileType = sourcecode.cpp.cpp; path = GLRenderer.cc; sourceTree = SOURCE_ROOT; };
		22B33E4B18DB540C002F75B5 /* GLRenderer.hh */ = {isa = PBXFileReference; fileEncoding = 4; lastKnownFileType = sourcecode.cpp.h; path = GLRenderer.hh; sourceTree = SOURCE_ROOT; };
		22B33E4C18DB540C002F75B5 /* GLVertexArrayObject.cc */ = {isa = PBXFileReference; fileEncoding = 4; lastKnownFileType = sourcecode.cpp.cpp; path = GLVertexArrayObject.cc; sourceTree = SOURCE_ROOT; };
		22B33E4D18DB540C002F75B5 /* GLVertexArrayObject.hh */ = {isa = PBXFileReference; fileEncoding = 4; lastKnownFileType = sourcecode.cpp.h; path = GLVertexArrayObject.hh; sourceTree = SOURCE_ROOT; };
		22B33E5318DB5480002F75B5 /* GLError.cc */ = {isa = PBXFileReference; fileEncoding = 4; lastKnownFileType = sourcecode.cpp.cpp; path = GLError.cc; sourceTree = SOURCE_ROOT; };
		22B33E5418DB5480002F75B5 /* GLError.hh */ = {isa = PBXFileReference; fileEncoding = 4; lastKnownFileType = sourcecode.cpp.h; path = GLError.hh; sourceTree = SOURCE_ROOT; };
		22B33E5518DB5480002F75B5 /* logger.cc */ = {isa = PBXFileReference; fileEncoding = 4; lastKnownFileType = sourcecode.cpp.cpp; path = logger.cc; sourceTree = SOURCE_ROOT; };
		22B33E5618DB5480002F75B5 /* logger.hh */ = {isa = PBXFileReference; fileEncoding = 4; lastKnownFileType = sourcecode.cpp.h; path = logger.hh; sourceTree = SOURCE_ROOT; };
		22B33E5918DB5FB8002F75B5 /* bed_record.h */ = {isa = PBXFileReference; fileEncoding = 4; lastKnownFileType = sourcecode.c.h; name = bed_record.h; path = ../../bed_record.h; sourceTree = "<group>"; };
		22B33E5A18DB5FD9002F75B5 /* zoom_record.h */ = {isa = PBXFileReference; fileEncoding = 4; lastKnownFileType = sourcecode.c.h; name = zoom_record.h; path = ../../zoom_record.h; sourceTree = "<group>"; };
		22B33E6918DB63F1002F75B5 /* default.fsh */ = {isa = PBXFileReference; fileEncoding = 4; lastKnownFileType = sourcecode.glsl; path = default.fsh; sourceTree = SOURCE_ROOT; };
		22B33E6A18DB63F1002F75B5 /* default.vsh */ = {isa = PBXFileReference; fileEncoding = 4; lastKnownFileType = sourcecode.glsl; path = default.vsh; sourceTree = SOURCE_ROOT; };
		22E338B818DC935700ECED90 /* wig_drawables.hh */ = {isa = PBXFileReference; fileEncoding = 4; lastKnownFileType = sourcecode.cpp.h; path = wig_drawables.hh; sourceTree = "<group>"; };
/* End PBXFileReference section */

/* Begin PBXFrameworksBuildPhase section */
		22660EC218DB137200D9FC65 /* Frameworks */ = {
			isa = PBXFrameworksBuildPhase;
			buildActionMask = 2147483647;
			files = (
				22B33E3618DB3798002F75B5 /* OpenGL.framework in Frameworks */,
				22B33E3418DB2992002F75B5 /* libz.dylib in Frameworks */,
				22660EC918DB137200D9FC65 /* Cocoa.framework in Frameworks */,
			);
			runOnlyForDeploymentPostprocessing = 0;
		};
		22660EE318DB137300D9FC65 /* Frameworks */ = {
			isa = PBXFrameworksBuildPhase;
			buildActionMask = 2147483647;
			files = (
				22660EE918DB137300D9FC65 /* Cocoa.framework in Frameworks */,
				22660EE818DB137300D9FC65 /* XCTest.framework in Frameworks */,
			);
			runOnlyForDeploymentPostprocessing = 0;
		};
/* End PBXFrameworksBuildPhase section */

/* Begin PBXGroup section */
		22660EBC18DB137200D9FC65 = {
			isa = PBXGroup;
			children = (
				2281516018DC78BF000D3A42 /* MainMenu.xib */,
				2281515718DBE200000D3A42 /* test.bw */,
				2281510E18DB9985000D3A42 /* many_contig_data.bb */,
				22660ECE18DB137200D9FC65 /* bbi-view */,
				22660EEC18DB137300D9FC65 /* bbi-viewTests */,
				22660EC718DB137200D9FC65 /* Frameworks */,
				22660EC618DB137200D9FC65 /* Products */,
			);
			sourceTree = "<group>";
		};
		22660EC618DB137200D9FC65 /* Products */ = {
			isa = PBXGroup;
			children = (
				22660EC518DB137200D9FC65 /* bbi-view.app */,
				22660EE618DB137300D9FC65 /* bbi-viewTests.xctest */,
			);
			name = Products;
			sourceTree = "<group>";
		};
		22660EC718DB137200D9FC65 /* Frameworks */ = {
			isa = PBXGroup;
			children = (
				22B33E3518DB3798002F75B5 /* OpenGL.framework */,
				22B33E3318DB2992002F75B5 /* libz.dylib */,
				22660EC818DB137200D9FC65 /* Cocoa.framework */,
				22660EE718DB137300D9FC65 /* XCTest.framework */,
				22660ECA18DB137200D9FC65 /* Other Frameworks */,
			);
			name = Frameworks;
			sourceTree = "<group>";
		};
		22660ECA18DB137200D9FC65 /* Other Frameworks */ = {
			isa = PBXGroup;
			children = (
				22660ECB18DB137200D9FC65 /* AppKit.framework */,
				22660ECC18DB137200D9FC65 /* CoreData.framework */,
				22660ECD18DB137200D9FC65 /* Foundation.framework */,
			);
			name = "Other Frameworks";
			sourceTree = "<group>";
		};
		22660ECE18DB137200D9FC65 /* bbi-view */ = {
			isa = PBXGroup;
			children = (
				22B33E6918DB63F1002F75B5 /* default.fsh */,
				22B33E6A18DB63F1002F75B5 /* default.vsh */,
				2281511118DBB1C9000D3A42 /* zoom_data.fsh */,
				2281511218DBB1C9000D3A42 /* zoom_data.vsh */,
				22B33E4318DB53FD002F75B5 /* gl */,
				227D36E618DB289300C428C7 /* bbi */,
				22660EDA18DB137200D9FC65 /* DPJAppDelegate.h */,
				22660EDB18DB137200D9FC65 /* DPJAppDelegate.mm */,
				2281515C18DC7717000D3A42 /* drawables.hh */,
				2281515918DC7645000D3A42 /* BBIView.h */,
				2281515A18DC7645000D3A42 /* BBIView.m */,
				22660EDD18DB137200D9FC65 /* MainMenu.xib */,
				22660EE018DB137300D9FC65 /* Images.xcassets */,
				22660ECF18DB137200D9FC65 /* Supporting Files */,
			);
			path = "bbi-view";
			sourceTree = "<group>";
		};
		22660ECF18DB137200D9FC65 /* Supporting Files */ = {
			isa = PBXGroup;
			children = (
				22660ED018DB137200D9FC65 /* bbi-view-Info.plist */,
				22660ED118DB137200D9FC65 /* InfoPlist.strings */,
				22660ED418DB137200D9FC65 /* main.m */,
				22660ED618DB137200D9FC65 /* bbi-view-Prefix.pch */,
				22660ED718DB137200D9FC65 /* Credits.rtf */,
			);
			name = "Supporting Files";
			sourceTree = "<group>";
		};
		22660EEC18DB137300D9FC65 /* bbi-viewTests */ = {
			isa = PBXGroup;
			children = (
				22660EF218DB137300D9FC65 /* bbi_viewTests.m */,
				22660EED18DB137300D9FC65 /* Supporting Files */,
			);
			path = "bbi-viewTests";
			sourceTree = "<group>";
		};
		22660EED18DB137300D9FC65 /* Supporting Files */ = {
			isa = PBXGroup;
			children = (
				22660EEE18DB137300D9FC65 /* bbi-viewTests-Info.plist */,
				22660EEF18DB137300D9FC65 /* InfoPlist.strings */,
			);
			name = "Supporting Files";
			sourceTree = "<group>";
		};
		227D36E618DB289300C428C7 /* bbi */ = {
			isa = PBXGroup;
			children = (
				223EFD0318DD1F3600483251 /* contig_index.hh */,
				223EFCD418DD1EDB00483251 /* bbi_index.hh */,
				223EFCD518DD1EDB00483251 /* bbi_stream.hh */,
				22E338B818DC935700ECED90 /* wig_drawables.hh */,
				2281514118DBE061000D3A42 /* wig_record.h */,
				22B33E5918DB5FB8002F75B5 /* bed_record.h */,
				22B33E5A18DB5FD9002F75B5 /* zoom_record.h */,
				22B33E2918DB2980002F75B5 /* record.cc */,
				22B33E2A18DB2980002F75B5 /* total_summary_header.cc */,
				22B33E2B18DB2980002F75B5 /* wig_record.cc */,
				22B33E2C18DB2980002F75B5 /* zoom_header.cc */,
				22B33E2D18DB2980002F75B5 /* zoom_record.cc */,
				22B33E1718DB2915002F75B5 /* bed_record.cc */,
				22B33E1818DB2915002F75B5 /* block_decompressor.cc */,
				22B33E1918DB2915002F75B5 /* bp_tree.cc */,
				22B33E1B18DB2915002F75B5 /* http_session.cc */,
				22B33E1C18DB2915002F75B5 /* http_streambuf.cc */,
				22B33E1D18DB2915002F75B5 /* main_header.cc */,
				22B33E1E18DB2915002F75B5 /* r_tree.cc */,
			);
			name = bbi;
			sourceTree = "<group>";
		};
		22B33E4318DB53FD002F75B5 /* gl */ = {
			isa = PBXGroup;
			children = (
				22B33E5318DB5480002F75B5 /* GLError.cc */,
				22B33E5418DB5480002F75B5 /* GLError.hh */,
				22B33E5518DB5480002F75B5 /* logger.cc */,
				22B33E5618DB5480002F75B5 /* logger.hh */,
				22B33E4418DB540C002F75B5 /* DJGLView.h */,
				22B33E4518DB540C002F75B5 /* DJGLView.mm */,
				22B33E4618DB540C002F75B5 /* GLDrawable.cc */,
				22B33E4718DB540C002F75B5 /* GLDrawable.hh */,
				22B33E4818DB540C002F75B5 /* GLProgram.cc */,
				22B33E4918DB540C002F75B5 /* GLProgram.hh */,
				22B33E4A18DB540C002F75B5 /* GLRenderer.cc */,
				22B33E4B18DB540C002F75B5 /* GLRenderer.hh */,
				22B33E4C18DB540C002F75B5 /* GLVertexArrayObject.cc */,
				22B33E4D18DB540C002F75B5 /* GLVertexArrayObject.hh */,
			);
			name = gl;
			sourceTree = "<group>";
		};
/* End PBXGroup section */

/* Begin PBXNativeTarget section */
		22660EC418DB137200D9FC65 /* bbi-view */ = {
			isa = PBXNativeTarget;
			buildConfigurationList = 22660EF618DB137300D9FC65 /* Build configuration list for PBXNativeTarget "bbi-view" */;
			buildPhases = (
				22660EC118DB137200D9FC65 /* Sources */,
				22660EC218DB137200D9FC65 /* Frameworks */,
				22660EC318DB137200D9FC65 /* Resources */,
				22B33E5B18DB6308002F75B5 /* CopyFiles */,
			);
			buildRules = (
			);
			dependencies = (
			);
			name = "bbi-view";
			productName = "bbi-view";
			productReference = 22660EC518DB137200D9FC65 /* bbi-view.app */;
			productType = "com.apple.product-type.application";
		};
		22660EE518DB137300D9FC65 /* bbi-viewTests */ = {
			isa = PBXNativeTarget;
			buildConfigurationList = 22660EF918DB137300D9FC65 /* Build configuration list for PBXNativeTarget "bbi-viewTests" */;
			buildPhases = (
				22660EE218DB137300D9FC65 /* Sources */,
				22660EE318DB137300D9FC65 /* Frameworks */,
				22660EE418DB137300D9FC65 /* Resources */,
			);
			buildRules = (
			);
			dependencies = (
				22660EEB18DB137300D9FC65 /* PBXTargetDependency */,
			);
			name = "bbi-viewTests";
			productName = "bbi-viewTests";
			productReference = 22660EE618DB137300D9FC65 /* bbi-viewTests.xctest */;
			productType = "com.apple.product-type.bundle.unit-test";
		};
/* End PBXNativeTarget section */

/* Begin PBXProject section */
		22660EBD18DB137200D9FC65 /* Project object */ = {
			isa = PBXProject;
			attributes = {
				CLASSPREFIX = DPJ;
				LastUpgradeCheck = 0510;
				ORGANIZATIONNAME = "Daniel James";
				TargetAttributes = {
					22660EE518DB137300D9FC65 = {
						TestTargetID = 22660EC418DB137200D9FC65;
					};
				};
			};
			buildConfigurationList = 22660EC018DB137200D9FC65 /* Build configuration list for PBXProject "bbi-view" */;
			compatibilityVersion = "Xcode 3.2";
			developmentRegion = English;
			hasScannedForEncodings = 0;
			knownRegions = (
				en,
				Base,
			);
			mainGroup = 22660EBC18DB137200D9FC65;
			productRefGroup = 22660EC618DB137200D9FC65 /* Products */;
			projectDirPath = "";
			projectRoot = "";
			targets = (
				22660EC418DB137200D9FC65 /* bbi-view */,
				22660EE518DB137300D9FC65 /* bbi-viewTests */,
			);
		};
/* End PBXProject section */

/* Begin PBXResourcesBuildPhase section */
		22660EC318DB137200D9FC65 /* Resources */ = {
			isa = PBXResourcesBuildPhase;
			buildActionMask = 2147483647;
			files = (
				223EFD1A18DDD95D00483251 /* MainMenu.xib in Resources */,
				223EFD1B18DDD95D00483251 /* InfoPlist.strings in Resources */,
				223EFD1C18DDD95D00483251 /* Credits.rtf in Resources */,
				2281515E18DC783D000D3A42 /* Images.xcassets in Resources */,
				2281511418DBB1C9000D3A42 /* zoom_data.vsh in Resources */,
				2281511318DBB1C9000D3A42 /* zoom_data.fsh in Resources */,
			);
			runOnlyForDeploymentPostprocessing = 0;
		};
		22660EE418DB137300D9FC65 /* Resources */ = {
			isa = PBXResourcesBuildPhase;
			buildActionMask = 2147483647;
			files = (
				22660EF118DB137300D9FC65 /* InfoPlist.strings in Resources */,
			);
			runOnlyForDeploymentPostprocessing = 0;
		};
/* End PBXResourcesBuildPhase section */

/* Begin PBXSourcesBuildPhase section */
		22660EC118DB137200D9FC65 /* Sources */ = {
			isa = PBXSourcesBuildPhase;
			buildActionMask = 2147483647;
			files = (
				2281511018DBACBD000D3A42 /* DPJAppDelegate.mm in Sources */,
				22B33E2618DB2915002F75B5 /* http_streambuf.cc in Sources */,
				22B33E2218DB2915002F75B5 /* block_decompressor.cc in Sources */,
				22B33E3218DB2980002F75B5 /* zoom_record.cc in Sources */,
				22B33E2118DB2915002F75B5 /* bed_record.cc in Sources */,
				22B33E2318DB2915002F75B5 /* bp_tree.cc in Sources */,
				22B33E4E18DB540C002F75B5 /* DJGLView.mm in Sources */,
				22B33E2F18DB2980002F75B5 /* total_summary_header.cc in Sources */,
				22660ED518DB137200D9FC65 /* main.m in Sources */,
				22B33E2E18DB2980002F75B5 /* record.cc in Sources */,
				22B33E5718DB5480002F75B5 /* GLError.cc in Sources */,
				22B33E5118DB540C002F75B5 /* GLRenderer.cc in Sources */,
				22B33E2718DB2915002F75B5 /* main_header.cc in Sources */,
				22B33E4F18DB540C002F75B5 /* GLDrawable.cc in Sources */,
				22B33E2818DB2915002F75B5 /* r_tree.cc in Sources */,
				22B33E2518DB2915002F75B5 /* http_session.cc in Sources */,
				22B33E3018DB2980002F75B5 /* wig_record.cc in Sources */,
				22B33E3118DB2980002F75B5 /* zoom_header.cc in Sources */,
				2281515B18DC7645000D3A42 /* BBIView.m in Sources */,
				22B33E5818DB5480002F75B5 /* logger.cc in Sources */,
				22B33E5018DB540C002F75B5 /* GLProgram.cc in Sources */,
			);
			runOnlyForDeploymentPostprocessing = 0;
		};
		22660EE218DB137300D9FC65 /* Sources */ = {
			isa = PBXSourcesBuildPhase;
			buildActionMask = 2147483647;
			files = (
				22660EF318DB137300D9FC65 /* bbi_viewTests.m in Sources */,
			);
			runOnlyForDeploymentPostprocessing = 0;
		};
/* End PBXSourcesBuildPhase section */

/* Begin PBXTargetDependency section */
		22660EEB18DB137300D9FC65 /* PBXTargetDependency */ = {
			isa = PBXTargetDependency;
			target = 22660EC418DB137200D9FC65 /* bbi-view */;
			targetProxy = 22660EEA18DB137300D9FC65 /* PBXContainerItemProxy */;
		};
/* End PBXTargetDependency section */

/* Begin PBXVariantGroup section */
		22660ED118DB137200D9FC65 /* InfoPlist.strings */ = {
			isa = PBXVariantGroup;
			children = (
				22660ED218DB137200D9FC65 /* en */,
			);
			name = InfoPlist.strings;
			sourceTree = "<group>";
		};
		22660ED718DB137200D9FC65 /* Credits.rtf */ = {
			isa = PBXVariantGroup;
			children = (
				22660ED818DB137200D9FC65 /* en */,
			);
			name = Credits.rtf;
			sourceTree = "<group>";
		};
		22660EDD18DB137200D9FC65 /* MainMenu.xib */ = {
			isa = PBXVariantGroup;
			children = (
				22660EDE18DB137200D9FC65 /* Base */,
			);
			name = MainMenu.xib;
			sourceTree = "<group>";
		};
		22660EEF18DB137300D9FC65 /* InfoPlist.strings */ = {
			isa = PBXVariantGroup;
			children = (
				22660EF018DB137300D9FC65 /* en */,
			);
			name = InfoPlist.strings;
			sourceTree = "<group>";
		};
		2281516018DC78BF000D3A42 /* MainMenu.xib */ = {
			isa = PBXVariantGroup;
			children = (
				2281516118DC78BF000D3A42 /* Base */,
			);
			name = MainMenu.xib;
			sourceTree = "<group>";
		};
/* End PBXVariantGroup section */

/* Begin XCBuildConfiguration section */
		22660EF418DB137300D9FC65 /* Debug */ = {
			isa = XCBuildConfiguration;
			buildSettings = {
				ALWAYS_SEARCH_USER_PATHS = NO;
				CLANG_CXX_LANGUAGE_STANDARD = "gnu++0x";
				CLANG_CXX_LIBRARY = "libc++";
				CLANG_ENABLE_MODULES = YES;
				CLANG_ENABLE_OBJC_ARC = YES;
				CLANG_WARN_BOOL_CONVERSION = YES;
				CLANG_WARN_CONSTANT_CONVERSION = YES;
				CLANG_WARN_DIRECT_OBJC_ISA_USAGE = YES_ERROR;
				CLANG_WARN_EMPTY_BODY = YES;
				CLANG_WARN_ENUM_CONVERSION = YES;
				CLANG_WARN_INT_CONVERSION = YES;
				CLANG_WARN_OBJC_ROOT_CLASS = YES_ERROR;
				CLANG_WARN__DUPLICATE_METHOD_MATCH = YES;
				COPY_PHASE_STRIP = NO;
				GCC_C_LANGUAGE_STANDARD = gnu99;
				GCC_DYNAMIC_NO_PIC = NO;
				GCC_ENABLE_OBJC_EXCEPTIONS = YES;
				GCC_OPTIMIZATION_LEVEL = 0;
				GCC_PREPROCESSOR_DEFINITIONS = (
					"DEBUG=1",
					"$(inherited)",
				);
				GCC_SYMBOLS_PRIVATE_EXTERN = NO;
				GCC_WARN_64_TO_32_BIT_CONVERSION = YES;
				GCC_WARN_ABOUT_RETURN_TYPE = YES_ERROR;
				GCC_WARN_UNDECLARED_SELECTOR = YES;
				GCC_WARN_UNINITIALIZED_AUTOS = YES_AGGRESSIVE;
				GCC_WARN_UNUSED_FUNCTION = YES;
				GCC_WARN_UNUSED_VARIABLE = YES;
				MACOSX_DEPLOYMENT_TARGET = 10.9;
				ONLY_ACTIVE_ARCH = YES;
				SDKROOT = macosx;
			};
			name = Debug;
		};
		22660EF518DB137300D9FC65 /* Release */ = {
			isa = XCBuildConfiguration;
			buildSettings = {
				ALWAYS_SEARCH_USER_PATHS = NO;
				CLANG_CXX_LANGUAGE_STANDARD = "gnu++0x";
				CLANG_CXX_LIBRARY = "libc++";
				CLANG_ENABLE_MODULES = YES;
				CLANG_ENABLE_OBJC_ARC = YES;
				CLANG_WARN_BOOL_CONVERSION = YES;
				CLANG_WARN_CONSTANT_CONVERSION = YES;
				CLANG_WARN_DIRECT_OBJC_ISA_USAGE = YES_ERROR;
				CLANG_WARN_EMPTY_BODY = YES;
				CLANG_WARN_ENUM_CONVERSION = YES;
				CLANG_WARN_INT_CONVERSION = YES;
				CLANG_WARN_OBJC_ROOT_CLASS = YES_ERROR;
				CLANG_WARN__DUPLICATE_METHOD_MATCH = YES;
				COPY_PHASE_STRIP = YES;
				DEBUG_INFORMATION_FORMAT = "dwarf-with-dsym";
				ENABLE_NS_ASSERTIONS = NO;
				GCC_C_LANGUAGE_STANDARD = gnu99;
				GCC_ENABLE_OBJC_EXCEPTIONS = YES;
				GCC_WARN_64_TO_32_BIT_CONVERSION = YES;
				GCC_WARN_ABOUT_RETURN_TYPE = YES_ERROR;
				GCC_WARN_UNDECLARED_SELECTOR = YES;
				GCC_WARN_UNINITIALIZED_AUTOS = YES_AGGRESSIVE;
				GCC_WARN_UNUSED_FUNCTION = YES;
				GCC_WARN_UNUSED_VARIABLE = YES;
				MACOSX_DEPLOYMENT_TARGET = 10.9;
				SDKROOT = macosx;
			};
			name = Release;
		};
		22660EF718DB137300D9FC65 /* Debug */ = {
			isa = XCBuildConfiguration;
			buildSettings = {
				ASSETCATALOG_COMPILER_APPICON_NAME = AppIcon;
				COMBINE_HIDPI_IMAGES = YES;
				FRAMEWORK_SEARCH_PATHS = "";
				GCC_PRECOMPILE_PREFIX_HEADER = YES;
				GCC_PREFIX_HEADER = "bbi-view/bbi-view-Prefix.pch";
				HEADER_SEARCH_PATHS = (
					"$(inherited)",
					/Applications/Xcode.app/Contents/Developer/Toolchains/XcodeDefault.xctoolchain/usr/include,
					"${HOME}/include",
				);
				INFOPLIST_FILE = "bbi-view/bbi-view-Info.plist";
				PRODUCT_NAME = "$(TARGET_NAME)";
				WRAPPER_EXTENSION = app;
			};
			name = Debug;
		};
		22660EF818DB137300D9FC65 /* Release */ = {
			isa = XCBuildConfiguration;
			buildSettings = {
				ASSETCATALOG_COMPILER_APPICON_NAME = AppIcon;
				COMBINE_HIDPI_IMAGES = YES;
				FRAMEWORK_SEARCH_PATHS = "";
				GCC_PRECOMPILE_PREFIX_HEADER = YES;
				GCC_PREFIX_HEADER = "bbi-view/bbi-view-Prefix.pch";
				GCC_PREPROCESSOR_DEFINITIONS = "NDEBUG=1";
				HEADER_SEARCH_PATHS = (
					"$(inherited)",
					/Applications/Xcode.app/Contents/Developer/Toolchains/XcodeDefault.xctoolchain/usr/include,
					"${HOME}/include",
				);
				INFOPLIST_FILE = "bbi-view/bbi-view-Info.plist";
				PRODUCT_NAME = "$(TARGET_NAME)";
				WRAPPER_EXTENSION = app;
			};
			name = Release;
		};
		22660EFA18DB137300D9FC65 /* Debug */ = {
			isa = XCBuildConfiguration;
			buildSettings = {
				BUNDLE_LOADER = "$(BUILT_PRODUCTS_DIR)/bbi-view.app/Contents/MacOS/bbi-view";
				COMBINE_HIDPI_IMAGES = YES;
				FRAMEWORK_SEARCH_PATHS = (
					"$(DEVELOPER_FRAMEWORKS_DIR)",
					"$(inherited)",
				);
				GCC_PRECOMPILE_PREFIX_HEADER = YES;
				GCC_PREFIX_HEADER = "bbi-view/bbi-view-Prefix.pch";
				GCC_PREPROCESSOR_DEFINITIONS = (
					"DEBUG=1",
					"$(inherited)",
				);
				INFOPLIST_FILE = "bbi-viewTests/bbi-viewTests-Info.plist";
				PRODUCT_NAME = "$(TARGET_NAME)";
				TEST_HOST = "$(BUNDLE_LOADER)";
				WRAPPER_EXTENSION = xctest;
			};
			name = Debug;
		};
		22660EFB18DB137300D9FC65 /* Release */ = {
			isa = XCBuildConfiguration;
			buildSettings = {
				BUNDLE_LOADER = "$(BUILT_PRODUCTS_DIR)/bbi-view.app/Contents/MacOS/bbi-view";
				COMBINE_HIDPI_IMAGES = YES;
				FRAMEWORK_SEARCH_PATHS = (
					"$(DEVELOPER_FRAMEWORKS_DIR)",
					"$(inherited)",
				);
				GCC_PRECOMPILE_PREFIX_HEADER = YES;
				GCC_PREFIX_HEADER = "bbi-view/bbi-view-Prefix.pch";
				INFOPLIST_FILE = "bbi-viewTests/bbi-viewTests-Info.plist";
				PRODUCT_NAME = "$(TARGET_NAME)";
				TEST_HOST = "$(BUNDLE_LOADER)";
				WRAPPER_EXTENSION = xctest;
			};
			name = Release;
		};
/* End XCBuildConfiguration section */

/* Begin XCConfigurationList section */
		22660EC018DB137200D9FC65 /* Build configuration list for PBXProject "bbi-view" */ = {
			isa = XCConfigurationList;
			buildConfigurations = (
				22660EF418DB137300D9FC65 /* Debug */,
				22660EF518DB137300D9FC65 /* Release */,
			);
			defaultConfigurationIsVisible = 0;
			defaultConfigurationName = Release;
		};
		22660EF618DB137300D9FC65 /* Build configuration list for PBXNativeTarget "bbi-view" */ = {
			isa = XCConfigurationList;
			buildConfigurations = (
				22660EF718DB137300D9FC65 /* Debug */,
				22660EF818DB137300D9FC65 /* Release */,
			);
			defaultConfigurationIsVisible = 0;
			defaultConfigurationName = Release;
		};
		22660EF918DB137300D9FC65 /* Build configuration list for PBXNativeTarget "bbi-viewTests" */ = {
			isa = XCConfigurationList;
			buildConfigurations = (
				22660EFA18DB137300D9FC65 /* Debug */,
				22660EFB18DB137300D9FC65 /* Release */,
			);
			defaultConfigurationIsVisible = 0;
			defaultConfigurationName = Release;
		};
/* End XCConfigurationList section */
	};
	rootObject = 22660EBD18DB137200D9FC65 /* Project object */;
}
